
Microsoft Visual Studio Solution File, Format Version 12.00
Project("{FAE04EC0-301F-11D3-BF4B-00C04F79EFBC}") = "ExchangeService.Core", "src\ExchangeService.Core\ExchangeService.Core.csproj", "{E4907465-A69F-4269-832C-53DCE8F7489A}"
EndProject
Project("{2150E333-8FDC-42A3-9474-1A3956D46DE8}") = "src", "src", "{89DC068F-11D0-4CEA-8240-BCF597251A9F}"
EndProject
Project("{FAE04EC0-301F-11D3-BF4B-00C04F79EFBC}") = "ExchangeService.Application", "src\ExchangeService.Application\ExchangeService.Application.csproj", "{FCB1C810-AB9D-4641-A137-AF28A78ECB34}"
EndProject
Project("{FAE04EC0-301F-11D3-BF4B-00C04F79EFBC}") = "ExchangeService.Api", "src\ExchangeService.Api\ExchangeService.Api.csproj", "{E6863ADC-7D40-427D-8DA0-79629B8F4EB6}"
EndProject
Project("{FAE04EC0-301F-11D3-BF4B-00C04F79EFBC}") = "ExchangeService.Infrastructure", "src\ExchangeService.Infrastructure\ExchangeService.Infrastructure.csproj", "{04786C82-2556-42C3-85C3-EEF8F492B723}"
EndProject
Project("{2150E333-8FDC-42A3-9474-1A3956D46DE8}") = "Solution Items", "Solution Items", "{DBC87EF9-9A21-4B86-8DF1-2235705195BB}"
	ProjectSection(SolutionItems) = preProject
		.gitignore = .gitignore
		docker-compose.yml = docker-compose.yml
		README.md = README.md
		create.sql = create.sql
	EndProjectSection
EndProject
Global
	GlobalSection(SolutionConfigurationPlatforms) = preSolution
		Debug|Any CPU = Debug|Any CPU
		Release|Any CPU = Release|Any CPU
	EndGlobalSection
	GlobalSection(ProjectConfigurationPlatforms) = postSolution
		{E4907465-A69F-4269-832C-53DCE8F7489A}.Debug|Any CPU.ActiveCfg = Debug|Any CPU
		{E4907465-A69F-4269-832C-53DCE8F7489A}.Debug|Any CPU.Build.0 = Debug|Any CPU
		{E4907465-A69F-4269-832C-53DCE8F7489A}.Release|Any CPU.ActiveCfg = Release|Any CPU
		{E4907465-A69F-4269-832C-53DCE8F7489A}.Release|Any CPU.Build.0 = Release|Any CPU
		{FCB1C810-AB9D-4641-A137-AF28A78ECB34}.Debug|Any CPU.ActiveCfg = Debug|Any CPU
		{FCB1C810-AB9D-4641-A137-AF28A78ECB34}.Debug|Any CPU.Build.0 = Debug|Any CPU
		{FCB1C810-AB9D-4641-A137-AF28A78ECB34}.Release|Any CPU.ActiveCfg = Release|Any CPU
		{FCB1C810-AB9D-4641-A137-AF28A78ECB34}.Release|Any CPU.Build.0 = Release|Any CPU
		{E6863ADC-7D40-427D-8DA0-79629B8F4EB6}.Debug|Any CPU.ActiveCfg = Debug|Any CPU
		{E6863ADC-7D40-427D-8DA0-79629B8F4EB6}.Debug|Any CPU.Build.0 = Debug|Any CPU
		{E6863ADC-7D40-427D-8DA0-79629B8F4EB6}.Release|Any CPU.ActiveCfg = Release|Any CPU
		{E6863ADC-7D40-427D-8DA0-79629B8F4EB6}.Release|Any CPU.Build.0 = Release|Any CPU
		{04786C82-2556-42C3-85C3-EEF8F492B723}.Debug|Any CPU.ActiveCfg = Debug|Any CPU
		{04786C82-2556-42C3-85C3-EEF8F492B723}.Debug|Any CPU.Build.0 = Debug|Any CPU
		{04786C82-2556-42C3-85C3-EEF8F492B723}.Release|Any CPU.ActiveCfg = Release|Any CPU
		{04786C82-2556-42C3-85C3-EEF8F492B723}.Release|Any CPU.Build.0 = Release|Any CPU
	EndGlobalSection
	GlobalSection(NestedProjects) = preSolution
		{E4907465-A69F-4269-832C-53DCE8F7489A} = {89DC068F-11D0-4CEA-8240-BCF597251A9F}
		{FCB1C810-AB9D-4641-A137-AF28A78ECB34} = {89DC068F-11D0-4CEA-8240-BCF597251A9F}
		{E6863ADC-7D40-427D-8DA0-79629B8F4EB6} = {89DC068F-11D0-4CEA-8240-BCF597251A9F}
		{04786C82-2556-42C3-85C3-EEF8F492B723} = {89DC068F-11D0-4CEA-8240-BCF597251A9F}
	EndGlobalSection
EndGlobal
